
Microsoft Visual Studio Solution File, Format Version 12.00
# Visual Studio Version 16
VisualStudioVersion = 16.0.32228.343
MinimumVisualStudioVersion = 10.0.40219.1
Project("{2150E333-8FDC-42A3-9474-1A3956D46DE8}") = "Services", "Services", "{E507EFE9-0F89-4B36-8720-DB0C6AD09898}"
EndProject
Project("{2150E333-8FDC-42A3-9474-1A3956D46DE8}") = "Catalog", "Catalog", "{034D639E-2540-4E7D-AC49-3A3FAC4F6E3D}"
EndProject
Project("{9A19103F-16F7-4668-BE54-9A1E7A4F7556}") = "Catalog.API", "Services\Catalog\Catalog.API\Catalog.API.csproj", "{D1684FB7-BB5E-43F6-BDF6-50CB34371966}"
EndProject
Project("{E53339B2-1760-4266-BCC7-CA923CBCF16C}") = "docker-compose", "docker-compose.dcproj", "{6FBC6D01-2B0E-4399-BA8F-CD473793C042}"
EndProject
Project("{2150E333-8FDC-42A3-9474-1A3956D46DE8}") = "Basket", "Basket", "{4A914DCA-0FA2-47BC-9378-4652A5DA13C1}"
EndProject
Project("{9A19103F-16F7-4668-BE54-9A1E7A4F7556}") = "Basket.API", "Services\Basket\Basket.API\Basket.API.csproj", "{9886AEB5-25BF-4D93-B8CE-A9748D6EDB5C}"
EndProject
Project("{2150E333-8FDC-42A3-9474-1A3956D46DE8}") = "Discount", "Discount", "{0BD031D9-BADA-49DD-A5F8-44FFC9D46FAC}"
EndProject
Project("{9A19103F-16F7-4668-BE54-9A1E7A4F7556}") = "Discount.API", "Services\Discount\Discount.API\Discount.API.csproj", "{12365AB3-A0B5-4630-A20F-145A07C6DFA3}"
EndProject
Project("{9A19103F-16F7-4668-BE54-9A1E7A4F7556}") = "Discount.Grpc", "Services\Discount\Discount.Grpc\Discount.Grpc.csproj", "{2779B80A-F8AF-4B3B-B7A6-7802931789CF}"
EndProject
Project("{2150E333-8FDC-42A3-9474-1A3956D46DE8}") = "Ordering", "Ordering", "{A343D310-431F-4F0E-9C7E-8E1369F88541}"
EndProject
Project("{9A19103F-16F7-4668-BE54-9A1E7A4F7556}") = "Ordering.API", "Services\Ordering\Ordering.API\Ordering.API.csproj", "{0D80E208-6D7D-434F-94C2-E33151579DFB}"
EndProject
Project("{9A19103F-16F7-4668-BE54-9A1E7A4F7556}") = "Ordering.Domain", "Services\Ordering\Ordering.Domain\Ordering.Domain.csproj", "{99EC2A9A-0918-4754-AAD4-23246822261A}"
EndProject
Project("{9A19103F-16F7-4668-BE54-9A1E7A4F7556}") = "Ordering.Application", "Services\Ordering\Ordering.Application\Ordering.Application.csproj", "{72846BF3-50C8-4DAD-B0B8-F51F27B28010}"
EndProject
Project("{9A19103F-16F7-4668-BE54-9A1E7A4F7556}") = "Ordering.Infrastructure", "Services\Ordering\Ordering.Infrastructure\Ordering.Infrastructure.csproj", "{75A5F454-4DA6-4010-AC7A-9E1C4DA9ECC2}"
EndProject
Global
	GlobalSection(SolutionConfigurationPlatforms) = preSolution
		Debug|Any CPU = Debug|Any CPU
		Release|Any CPU = Release|Any CPU
	EndGlobalSection
	GlobalSection(ProjectConfigurationPlatforms) = postSolution
		{D1684FB7-BB5E-43F6-BDF6-50CB34371966}.Debug|Any CPU.ActiveCfg = Debug|Any CPU
		{D1684FB7-BB5E-43F6-BDF6-50CB34371966}.Debug|Any CPU.Build.0 = Debug|Any CPU
		{D1684FB7-BB5E-43F6-BDF6-50CB34371966}.Release|Any CPU.ActiveCfg = Release|Any CPU
		{D1684FB7-BB5E-43F6-BDF6-50CB34371966}.Release|Any CPU.Build.0 = Release|Any CPU
		{6FBC6D01-2B0E-4399-BA8F-CD473793C042}.Debug|Any CPU.ActiveCfg = Debug|Any CPU
		{6FBC6D01-2B0E-4399-BA8F-CD473793C042}.Debug|Any CPU.Build.0 = Debug|Any CPU
		{6FBC6D01-2B0E-4399-BA8F-CD473793C042}.Release|Any CPU.ActiveCfg = Release|Any CPU
		{6FBC6D01-2B0E-4399-BA8F-CD473793C042}.Release|Any CPU.Build.0 = Release|Any CPU
		{9886AEB5-25BF-4D93-B8CE-A9748D6EDB5C}.Debug|Any CPU.ActiveCfg = Debug|Any CPU
		{9886AEB5-25BF-4D93-B8CE-A9748D6EDB5C}.Debug|Any CPU.Build.0 = Debug|Any CPU
		{9886AEB5-25BF-4D93-B8CE-A9748D6EDB5C}.Release|Any CPU.ActiveCfg = Release|Any CPU
		{9886AEB5-25BF-4D93-B8CE-A9748D6EDB5C}.Release|Any CPU.Build.0 = Release|Any CPU
		{12365AB3-A0B5-4630-A20F-145A07C6DFA3}.Debug|Any CPU.ActiveCfg = Debug|Any CPU
		{12365AB3-A0B5-4630-A20F-145A07C6DFA3}.Debug|Any CPU.Build.0 = Debug|Any CPU
		{12365AB3-A0B5-4630-A20F-145A07C6DFA3}.Release|Any CPU.ActiveCfg = Release|Any CPU
		{12365AB3-A0B5-4630-A20F-145A07C6DFA3}.Release|Any CPU.Build.0 = Release|Any CPU
		{2779B80A-F8AF-4B3B-B7A6-7802931789CF}.Debug|Any CPU.ActiveCfg = Debug|Any CPU
		{2779B80A-F8AF-4B3B-B7A6-7802931789CF}.Debug|Any CPU.Build.0 = Debug|Any CPU
		{2779B80A-F8AF-4B3B-B7A6-7802931789CF}.Release|Any CPU.ActiveCfg = Release|Any CPU
		{2779B80A-F8AF-4B3B-B7A6-7802931789CF}.Release|Any CPU.Build.0 = Release|Any CPU
		{0D80E208-6D7D-434F-94C2-E33151579DFB}.Debug|Any CPU.ActiveCfg = Debug|Any CPU
		{0D80E208-6D7D-434F-94C2-E33151579DFB}.Debug|Any CPU.Build.0 = Debug|Any CPU
		{0D80E208-6D7D-434F-94C2-E33151579DFB}.Release|Any CPU.ActiveCfg = Release|Any CPU
		{0D80E208-6D7D-434F-94C2-E33151579DFB}.Release|Any CPU.Build.0 = Release|Any CPU
		{99EC2A9A-0918-4754-AAD4-23246822261A}.Debug|Any CPU.ActiveCfg = Debug|Any CPU
		{99EC2A9A-0918-4754-AAD4-23246822261A}.Debug|Any CPU.Build.0 = Debug|Any CPU
		{99EC2A9A-0918-4754-AAD4-23246822261A}.Release|Any CPU.ActiveCfg = Release|Any CPU
		{99EC2A9A-0918-4754-AAD4-23246822261A}.Release|Any CPU.Build.0 = Release|Any CPU
		{72846BF3-50C8-4DAD-B0B8-F51F27B28010}.Debug|Any CPU.ActiveCfg = Debug|Any CPU
		{72846BF3-50C8-4DAD-B0B8-F51F27B28010}.Debug|Any CPU.Build.0 = Debug|Any CPU
		{72846BF3-50C8-4DAD-B0B8-F51F27B28010}.Release|Any CPU.ActiveCfg = Release|Any CPU
		{72846BF3-50C8-4DAD-B0B8-F51F27B28010}.Release|Any CPU.Build.0 = Release|Any CPU
		{75A5F454-4DA6-4010-AC7A-9E1C4DA9ECC2}.Debug|Any CPU.ActiveCfg = Debug|Any CPU
		{75A5F454-4DA6-4010-AC7A-9E1C4DA9ECC2}.Debug|Any CPU.Build.0 = Debug|Any CPU
		{75A5F454-4DA6-4010-AC7A-9E1C4DA9ECC2}.Release|Any CPU.ActiveCfg = Release|Any CPU
		{75A5F454-4DA6-4010-AC7A-9E1C4DA9ECC2}.Release|Any CPU.Build.0 = Release|Any CPU
	EndGlobalSection
	GlobalSection(SolutionProperties) = preSolution
		HideSolutionNode = FALSE
	EndGlobalSection
	GlobalSection(NestedProjects) = preSolution
		{034D639E-2540-4E7D-AC49-3A3FAC4F6E3D} = {E507EFE9-0F89-4B36-8720-DB0C6AD09898}
		{D1684FB7-BB5E-43F6-BDF6-50CB34371966} = {034D639E-2540-4E7D-AC49-3A3FAC4F6E3D}
		{4A914DCA-0FA2-47BC-9378-4652A5DA13C1} = {E507EFE9-0F89-4B36-8720-DB0C6AD09898}
		{9886AEB5-25BF-4D93-B8CE-A9748D6EDB5C} = {4A914DCA-0FA2-47BC-9378-4652A5DA13C1}
		{0BD031D9-BADA-49DD-A5F8-44FFC9D46FAC} = {E507EFE9-0F89-4B36-8720-DB0C6AD09898}
		{12365AB3-A0B5-4630-A20F-145A07C6DFA3} = {0BD031D9-BADA-49DD-A5F8-44FFC9D46FAC}
		{2779B80A-F8AF-4B3B-B7A6-7802931789CF} = {0BD031D9-BADA-49DD-A5F8-44FFC9D46FAC}
		{A343D310-431F-4F0E-9C7E-8E1369F88541} = {E507EFE9-0F89-4B36-8720-DB0C6AD09898}
		{0D80E208-6D7D-434F-94C2-E33151579DFB} = {A343D310-431F-4F0E-9C7E-8E1369F88541}
		{99EC2A9A-0918-4754-AAD4-23246822261A} = {A343D310-431F-4F0E-9C7E-8E1369F88541}
		{72846BF3-50C8-4DAD-B0B8-F51F27B28010} = {A343D310-431F-4F0E-9C7E-8E1369F88541}
		{75A5F454-4DA6-4010-AC7A-9E1C4DA9ECC2} = {A343D310-431F-4F0E-9C7E-8E1369F88541}
	EndGlobalSection
	GlobalSection(ExtensibilityGlobals) = postSolution
		SolutionGuid = {EDEF38A4-5FA9-48BC-A8FA-7C56B40DEF9A}
	EndGlobalSection
EndGlobal
